
Microsoft Visual Studio Solution File, Format Version 12.00
# Visual Studio 2013
VisualStudioVersion = 12.0.40629.0
MinimumVisualStudioVersion = 10.0.40219.1
Project("{FAE04EC0-301F-11D3-BF4B-00C04F79EFBC}") = "FileCopyProgress", "FileCopyProgress\FileCopyProgress.csproj", "{06D7FDD5-3215-41FD-B2A5-693CFC776E6C}"
EndProject
Project("{FAE04EC0-301F-11D3-BF4B-00C04F79EFBC}") = "TextFileViewer", "TextFileViewer\TextFileViewer.csproj", "{42F95C89-DFC4-4886-B7DC-2D5A91D2969E}"
EndProject
Project("{FAE04EC0-301F-11D3-BF4B-00C04F79EFBC}") = "CustomControls", "CustomControls\CustomControls.csproj", "{AAAD07E6-B0A5-418A-9FF6-1C3DE50D0222}"
EndProject
Global
	GlobalSection(SolutionConfigurationPlatforms) = preSolution
		Debug|Any CPU = Debug|Any CPU
		Release|Any CPU = Release|Any CPU
	EndGlobalSection
	GlobalSection(ProjectConfigurationPlatforms) = postSolution
		{06D7FDD5-3215-41FD-B2A5-693CFC776E6C}.Debug|Any CPU.ActiveCfg = Debug|Any CPU
		{06D7FDD5-3215-41FD-B2A5-693CFC776E6C}.Debug|Any CPU.Build.0 = Debug|Any CPU
		{06D7FDD5-3215-41FD-B2A5-693CFC776E6C}.Release|Any CPU.ActiveCfg = Release|Any CPU
		{06D7FDD5-3215-41FD-B2A5-693CFC776E6C}.Release|Any CPU.Build.0 = Release|Any CPU
		{42F95C89-DFC4-4886-B7DC-2D5A91D2969E}.Debug|Any CPU.ActiveCfg = Debug|Any CPU
		{42F95C89-DFC4-4886-B7DC-2D5A91D2969E}.Debug|Any CPU.Build.0 = Debug|Any CPU
		{42F95C89-DFC4-4886-B7DC-2D5A91D2969E}.Release|Any CPU.ActiveCfg = Release|Any CPU
		{42F95C89-DFC4-4886-B7DC-2D5A91D2969E}.Release|Any CPU.Build.0 = Release|Any CPU
		{AAAD07E6-B0A5-418A-9FF6-1C3DE50D0222}.Debug|Any CPU.ActiveCfg = Debug|Any CPU
		{AAAD07E6-B0A5-418A-9FF6-1C3DE50D0222}.Debug|Any CPU.Build.0 = Debug|Any CPU
		{AAAD07E6-B0A5-418A-9FF6-1C3DE50D0222}.Release|Any CPU.ActiveCfg = Release|Any CPU
		{AAAD07E6-B0A5-418A-9FF6-1C3DE50D0222}.Release|Any CPU.Build.0 = Release|Any CPU
	EndGlobalSection
	GlobalSection(SolutionProperties) = preSolution
		HideSolutionNode = FALSE
	EndGlobalSection
EndGlobal
